// !$*UTF8*$!
{
	archiveVersion = 1;
	classes = {
	};
	objectVersion = 52;
	objects = {

/* Begin PBXBuildFile section */
		09DCAF90288DDC1500BE36EC /* AppDelegate.swift in Sources */ = {isa = PBXBuildFile; fileRef = 09DCAF8F288DDC1500BE36EC /* AppDelegate.swift */; };
		09DCAF92288DDC1500BE36EC /* SceneDelegate.swift in Sources */ = {isa = PBXBuildFile; fileRef = 09DCAF91288DDC1500BE36EC /* SceneDelegate.swift */; };
		09DCAF94288DDC1500BE36EC /* ViewController.swift in Sources */ = {isa = PBXBuildFile; fileRef = 09DCAF93288DDC1500BE36EC /* ViewController.swift */; };
		09DCAF97288DDC1500BE36EC /* Main.storyboard in Resources */ = {isa = PBXBuildFile; fileRef = 09DCAF95288DDC1500BE36EC /* Main.storyboard */; };
		09DCAF9A288DDC1500BE36EC /* CatLand.xcdatamodeld in Sources */ = {isa = PBXBuildFile; fileRef = 09DCAF98288DDC1500BE36EC /* CatLand.xcdatamodeld */; };
		09DCAF9C288DDC1800BE36EC /* Assets.xcassets in Resources */ = {isa = PBXBuildFile; fileRef = 09DCAF9B288DDC1800BE36EC /* Assets.xcassets */; };
		09DCAF9F288DDC1800BE36EC /* LaunchScreen.storyboard in Resources */ = {isa = PBXBuildFile; fileRef = 09DCAF9D288DDC1800BE36EC /* LaunchScreen.storyboard */; };
		09DCAFA8288DF41800BE36EC /* Data.json in Resources */ = {isa = PBXBuildFile; fileRef = 09DCAFA7288DF41800BE36EC /* Data.json */; };
		09DCAFAF288DF48E00BE36EC /* CatLandResponse.swift in Sources */ = {isa = PBXBuildFile; fileRef = 09DCAFAE288DF48E00BE36EC /* CatLandResponse.swift */; };
		09DCAFB3288DF73900BE36EC /* SwiftSoup in Frameworks */ = {isa = PBXBuildFile; productRef = 09DCAFB2288DF73900BE36EC /* SwiftSoup */; };
/* End PBXBuildFile section */

/* Begin PBXFileReference section */
		09DCAF8C288DDC1500BE36EC /* CatLand.app */ = {isa = PBXFileReference; explicitFileType = wrapper.application; includeInIndex = 0; path = CatLand.app; sourceTree = BUILT_PRODUCTS_DIR; };
		09DCAF8F288DDC1500BE36EC /* AppDelegate.swift */ = {isa = PBXFileReference; lastKnownFileType = sourcecode.swift; path = AppDelegate.swift; sourceTree = "<group>"; };
		09DCAF91288DDC1500BE36EC /* SceneDelegate.swift */ = {isa = PBXFileReference; lastKnownFileType = sourcecode.swift; path = SceneDelegate.swift; sourceTree = "<group>"; };
		09DCAF93288DDC1500BE36EC /* ViewController.swift */ = {isa = PBXFileReference; lastKnownFileType = sourcecode.swift; path = ViewController.swift; sourceTree = "<group>"; };
		09DCAF96288DDC1500BE36EC /* Base */ = {isa = PBXFileReference; lastKnownFileType = file.storyboard; name = Base; path = Base.lproj/Main.storyboard; sourceTree = "<group>"; };
		09DCAF99288DDC1500BE36EC /* CatLand.xcdatamodel */ = {isa = PBXFileReference; lastKnownFileType = wrapper.xcdatamodel; path = CatLand.xcdatamodel; sourceTree = "<group>"; };
		09DCAF9B288DDC1800BE36EC /* Assets.xcassets */ = {isa = PBXFileReference; lastKnownFileType = folder.assetcatalog; path = Assets.xcassets; sourceTree = "<group>"; };
		09DCAF9E288DDC1800BE36EC /* Base */ = {isa = PBXFileReference; lastKnownFileType = file.storyboard; name = Base; path = Base.lproj/LaunchScreen.storyboard; sourceTree = "<group>"; };
		09DCAFA0288DDC1800BE36EC /* Info.plist */ = {isa = PBXFileReference; lastKnownFileType = text.plist.xml; path = Info.plist; sourceTree = "<group>"; };
		09DCAFA7288DF41800BE36EC /* Data.json */ = {isa = PBXFileReference; lastKnownFileType = text.json; path = Data.json; sourceTree = "<group>"; };
		09DCAFAE288DF48E00BE36EC /* CatLandResponse.swift */ = {isa = PBXFileReference; lastKnownFileType = sourcecode.swift; path = CatLandResponse.swift; sourceTree = "<group>"; };
/* End PBXFileReference section */

/* Begin PBXFrameworksBuildPhase section */
		09DCAF89288DDC1500BE36EC /* Frameworks */ = {
			isa = PBXFrameworksBuildPhase;
			buildActionMask = 2147483647;
			files = (
				09DCAFB3288DF73900BE36EC /* SwiftSoup in Frameworks */,
			);
			runOnlyForDeploymentPostprocessing = 0;
		};
/* End PBXFrameworksBuildPhase section */

/* Begin PBXGroup section */
		09DCAF83288DDC1500BE36EC = {
			isa = PBXGroup;
			children = (
				09DCAF8E288DDC1500BE36EC /* CatLand */,
				09DCAF8D288DDC1500BE36EC /* Products */,
			);
			sourceTree = "<group>";
		};
		09DCAF8D288DDC1500BE36EC /* Products */ = {
			isa = PBXGroup;
			children = (
				09DCAF8C288DDC1500BE36EC /* CatLand.app */,
			);
			name = Products;
			sourceTree = "<group>";
		};
		09DCAF8E288DDC1500BE36EC /* CatLand */ = {
			isa = PBXGroup;
			children = (
				09DCAF8F288DDC1500BE36EC /* AppDelegate.swift */,
				09DCAF91288DDC1500BE36EC /* SceneDelegate.swift */,
				09DCAF93288DDC1500BE36EC /* ViewController.swift */,
				09DCAF95288DDC1500BE36EC /* Main.storyboard */,
				09DCAF9B288DDC1800BE36EC /* Assets.xcassets */,
				09DCAF9D288DDC1800BE36EC /* LaunchScreen.storyboard */,
				09DCAFA0288DDC1800BE36EC /* Info.plist */,
				09DCAF98288DDC1500BE36EC /* CatLand.xcdatamodeld */,
				09DCAFA7288DF41800BE36EC /* Data.json */,
				09DCAFAE288DF48E00BE36EC /* CatLandResponse.swift */,
			);
			path = CatLand;
			sourceTree = "<group>";
		};
/* End PBXGroup section */

/* Begin PBXNativeTarget section */
		09DCAF8B288DDC1500BE36EC /* CatLand */ = {
			isa = PBXNativeTarget;
			buildConfigurationList = 09DCAFA3288DDC1800BE36EC /* Build configuration list for PBXNativeTarget "CatLand" */;
			buildPhases = (
				09DCAF88288DDC1500BE36EC /* Sources */,
				09DCAF89288DDC1500BE36EC /* Frameworks */,
				09DCAF8A288DDC1500BE36EC /* Resources */,
			);
			buildRules = (
			);
			dependencies = (
			);
			name = CatLand;
			packageProductDependencies = (
				09DCAFB2288DF73900BE36EC /* SwiftSoup */,
			);
			productName = CatLand;
			productReference = 09DCAF8C288DDC1500BE36EC /* CatLand.app */;
			productType = "com.apple.product-type.application";
		};
/* End PBXNativeTarget section */

/* Begin PBXProject section */
		09DCAF84288DDC1500BE36EC /* Project object */ = {
			isa = PBXProject;
			attributes = {
				LastSwiftUpdateCheck = 1230;
				LastUpgradeCheck = 1230;
				TargetAttributes = {
					09DCAF8B288DDC1500BE36EC = {
						CreatedOnToolsVersion = 12.3;
					};
				};
			};
			buildConfigurationList = 09DCAF87288DDC1500BE36EC /* Build configuration list for PBXProject "CatLand" */;
			compatibilityVersion = "Xcode 9.3";
			developmentRegion = en;
			hasScannedForEncodings = 0;
			knownRegions = (
				en,
				Base,
			);
			mainGroup = 09DCAF83288DDC1500BE36EC;
			packageReferences = (
				09DCAFB1288DF73900BE36EC /* XCRemoteSwiftPackageReference "SwiftSoup" */,
			);
			productRefGroup = 09DCAF8D288DDC1500BE36EC /* Products */;
			projectDirPath = "";
			projectRoot = "";
			targets = (
				09DCAF8B288DDC1500BE36EC /* CatLand */,
			);
		};
/* End PBXProject section */

/* Begin PBXResourcesBuildPhase section */
		09DCAF8A288DDC1500BE36EC /* Resources */ = {
			isa = PBXResourcesBuildPhase;
			buildActionMask = 2147483647;
			files = (
				09DCAF9F288DDC1800BE36EC /* LaunchScreen.storyboard in Resources */,
				09DCAF9C288DDC1800BE36EC /* Assets.xcassets in Resources */,
				09DCAF97288DDC1500BE36EC /* Main.storyboard in Resources */,
				09DCAFA8288DF41800BE36EC /* Data.json in Resources */,
			);
			runOnlyForDeploymentPostprocessing = 0;
		};
/* End PBXResourcesBuildPhase section */

/* Begin PBXSourcesBuildPhase section */
		09DCAF88288DDC1500BE36EC /* Sources */ = {
			isa = PBXSourcesBuildPhase;
			buildActionMask = 2147483647;
			files = (
				09DCAFAF288DF48E00BE36EC /* CatLandResponse.swift in Sources */,
				09DCAF94288DDC1500BE36EC /* ViewController.swift in Sources */,
				09DCAF90288DDC1500BE36EC /* AppDelegate.swift in Sources */,
				09DCAF92288DDC1500BE36EC /* SceneDelegate.swift in Sources */,
				09DCAF9A288DDC1500BE36EC /* CatLand.xcdatamodeld in Sources */,
			);
			runOnlyForDeploymentPostprocessing = 0;
		};
/* End PBXSourcesBuildPhase section */

/* Begin PBXVariantGroup section */
		09DCAF95288DDC1500BE36EC /* Main.storyboard */ = {
			isa = PBXVariantGroup;
			children = (
				09DCAF96288DDC1500BE36EC /* Base */,
			);
			name = Main.storyboard;
			sourceTree = "<group>";
		};
		09DCAF9D288DDC1800BE36EC /* LaunchScreen.storyboard */ = {
			isa = PBXVariantGroup;
			children = (
				09DCAF9E288DDC1800BE36EC /* Base */,
			);
			name = LaunchScreen.storyboard;
			sourceTree = "<group>";
		};
/* End PBXVariantGroup section */

/* Begin XCBuildConfiguration section */
		09DCAFA1288DDC1800BE36EC /* Debug */ = {
			isa = XCBuildConfiguration;
			buildSettings = {
				ALWAYS_SEARCH_USER_PATHS = NO;
				CLANG_ANALYZER_NONNULL = YES;
				CLANG_ANALYZER_NUMBER_OBJECT_CONVERSION = YES_AGGRESSIVE;
				CLANG_CXX_LANGUAGE_STANDARD = "gnu++14";
				CLANG_CXX_LIBRARY = "libc++";
				CLANG_ENABLE_MODULES = YES;
				CLANG_ENABLE_OBJC_ARC = YES;
				CLANG_ENABLE_OBJC_WEAK = YES;
				CLANG_WARN_BLOCK_CAPTURE_AUTORELEASING = YES;
				CLANG_WARN_BOOL_CONVERSION = YES;
				CLANG_WARN_COMMA = YES;
				CLANG_WARN_CONSTANT_CONVERSION = YES;
				CLANG_WARN_DEPRECATED_OBJC_IMPLEMENTATIONS = YES;
				CLANG_WARN_DIRECT_OBJC_ISA_USAGE = YES_ERROR;
				CLANG_WARN_DOCUMENTATION_COMMENTS = YES;
				CLANG_WARN_EMPTY_BODY = YES;
				CLANG_WARN_ENUM_CONVERSION = YES;
				CLANG_WARN_INFINITE_RECURSION = YES;
				CLANG_WARN_INT_CONVERSION = YES;
				CLANG_WARN_NON_LITERAL_NULL_CONVERSION = YES;
				CLANG_WARN_OBJC_IMPLICIT_RETAIN_SELF = YES;
				CLANG_WARN_OBJC_LITERAL_CONVERSION = YES;
				CLANG_WARN_OBJC_ROOT_CLASS = YES_ERROR;
				CLANG_WARN_QUOTED_INCLUDE_IN_FRAMEWORK_HEADER = YES;
				CLANG_WARN_RANGE_LOOP_ANALYSIS = YES;
				CLANG_WARN_STRICT_PROTOTYPES = YES;
				CLANG_WARN_SUSPICIOUS_MOVE = YES;
				CLANG_WARN_UNGUARDED_AVAILABILITY = YES_AGGRESSIVE;
				CLANG_WARN_UNREACHABLE_CODE = YES;
				CLANG_WARN__DUPLICATE_METHOD_MATCH = YES;
				COPY_PHASE_STRIP = NO;
				DEBUG_INFORMATION_FORMAT = dwarf;
				ENABLE_STRICT_OBJC_MSGSEND = YES;
				ENABLE_TESTABILITY = YES;
				GCC_C_LANGUAGE_STANDARD = gnu11;
				GCC_DYNAMIC_NO_PIC = NO;
				GCC_NO_COMMON_BLOCKS = YES;
				GCC_OPTIMIZATION_LEVEL = 0;
				GCC_PREPROCESSOR_DEFINITIONS = (
					"DEBUG=1",
					"$(inherited)",
				);
				GCC_WARN_64_TO_32_BIT_CONVERSION = YES;
				GCC_WARN_ABOUT_RETURN_TYPE = YES_ERROR;
				GCC_WARN_UNDECLARED_SELECTOR = YES;
				GCC_WARN_UNINITIALIZED_AUTOS = YES_AGGRESSIVE;
				GCC_WARN_UNUSED_FUNCTION = YES;
				GCC_WARN_UNUSED_VARIABLE = YES;
				IPHONEOS_DEPLOYMENT_TARGET = 14.3;
				MTL_ENABLE_DEBUG_INFO = INCLUDE_SOURCE;
				MTL_FAST_MATH = YES;
				ONLY_ACTIVE_ARCH = YES;
				SDKROOT = iphoneos;
				SWIFT_ACTIVE_COMPILATION_CONDITIONS = DEBUG;
				SWIFT_OPTIMIZATION_LEVEL = "-Onone";
			};
			name = Debug;
		};
		09DCAFA2288DDC1800BE36EC /* Release */ = {
			isa = XCBuildConfiguration;
			buildSettings = {
				ALWAYS_SEARCH_USER_PATHS = NO;
				CLANG_ANALYZER_NONNULL = YES;
				CLANG_ANALYZER_NUMBER_OBJECT_CONVERSION = YES_AGGRESSIVE;
				CLANG_CXX_LANGUAGE_STANDARD = "gnu++14";
				CLANG_CXX_LIBRARY = "libc++";
				CLANG_ENABLE_MODULES = YES;
				CLANG_ENABLE_OBJC_ARC = YES;
				CLANG_ENABLE_OBJC_WEAK = YES;
				CLANG_WARN_BLOCK_CAPTURE_AUTORELEASING = YES;
				CLANG_WARN_BOOL_CONVERSION = YES;
				CLANG_WARN_COMMA = YES;
				CLANG_WARN_CONSTANT_CONVERSION = YES;
				CLANG_WARN_DEPRECATED_OBJC_IMPLEMENTATIONS = YES;
				CLANG_WARN_DIRECT_OBJC_ISA_USAGE = YES_ERROR;
				CLANG_WARN_DOCUMENTATION_COMMENTS = YES;
				CLANG_WARN_EMPTY_BODY = YES;
				CLANG_WARN_ENUM_CONVERSION = YES;
				CLANG_WARN_INFINITE_RECURSION = YES;
				CLANG_WARN_INT_CONVERSION = YES;
				CLANG_WARN_NON_LITERAL_NULL_CONVERSION = YES;
				CLANG_WARN_OBJC_IMPLICIT_RETAIN_SELF = YES;
				CLANG_WARN_OBJC_LITERAL_CONVERSION = YES;
				CLANG_WARN_OBJC_ROOT_CLASS = YES_ERROR;
				CLANG_WARN_QUOTED_INCLUDE_IN_FRAMEWORK_HEADER = YES;
				CLANG_WARN_RANGE_LOOP_ANALYSIS = YES;
				CLANG_WARN_STRICT_PROTOTYPES = YES;
				CLANG_WARN_SUSPICIOUS_MOVE = YES;
				CLANG_WARN_UNGUARDED_AVAILABILITY = YES_AGGRESSIVE;
				CLANG_WARN_UNREACHABLE_CODE = YES;
				CLANG_WARN__DUPLICATE_METHOD_MATCH = YES;
				COPY_PHASE_STRIP = NO;
				DEBUG_INFORMATION_FORMAT = "dwarf-with-dsym";
				ENABLE_NS_ASSERTIONS = NO;
				ENABLE_STRICT_OBJC_MSGSEND = YES;
				GCC_C_LANGUAGE_STANDARD = gnu11;
				GCC_NO_COMMON_BLOCKS = YES;
				GCC_WARN_64_TO_32_BIT_CONVERSION = YES;
				GCC_WARN_ABOUT_RETURN_TYPE = YES_ERROR;
				GCC_WARN_UNDECLARED_SELECTOR = YES;
				GCC_WARN_UNINITIALIZED_AUTOS = YES_AGGRESSIVE;
				GCC_WARN_UNUSED_FUNCTION = YES;
				GCC_WARN_UNUSED_VARIABLE = YES;
				IPHONEOS_DEPLOYMENT_TARGET = 14.3;
				MTL_ENABLE_DEBUG_INFO = NO;
				MTL_FAST_MATH = YES;
				SDKROOT = iphoneos;
				SWIFT_COMPILATION_MODE = wholemodule;
				SWIFT_OPTIMIZATION_LEVEL = "-O";
				VALIDATE_PRODUCT = YES;
			};
			name = Release;
		};
		09DCAFA4288DDC1800BE36EC /* Debug */ = {
			isa = XCBuildConfiguration;
			buildSettings = {
				ASSETCATALOG_COMPILER_APPICON_NAME = AppIcon;
				ASSETCATALOG_COMPILER_GLOBAL_ACCENT_COLOR_NAME = AccentColor;
				CODE_SIGN_STYLE = Automatic;
				DEVELOPMENT_TEAM = STAFH79VHN;
				INFOPLIST_FILE = CatLand/Info.plist;
				LD_RUNPATH_SEARCH_PATHS = (
					"$(inherited)",
					"@executable_path/Frameworks",
				);
				PRODUCT_BUNDLE_IDENTIFIER = com.your.didoborges.CatLand;
				PRODUCT_NAME = "$(TARGET_NAME)";
				SWIFT_VERSION = 5.0;
				TARGETED_DEVICE_FAMILY = "1,2";
			};
			name = Debug;
		};
		09DCAFA5288DDC1800BE36EC /* Release */ = {
			isa = XCBuildConfiguration;
			buildSettings = {
				ASSETCATALOG_COMPILER_APPICON_NAME = AppIcon;
				ASSETCATALOG_COMPILER_GLOBAL_ACCENT_COLOR_NAME = AccentColor;
				CODE_SIGN_STYLE = Automatic;
				DEVELOPMENT_TEAM = STAFH79VHN;
				INFOPLIST_FILE = CatLand/Info.plist;
				LD_RUNPATH_SEARCH_PATHS = (
					"$(inherited)",
					"@executable_path/Frameworks",
				);
				PRODUCT_BUNDLE_IDENTIFIER = com.your.didoborges.CatLand;
				PRODUCT_NAME = "$(TARGET_NAME)";
				SWIFT_VERSION = 5.0;
				TARGETED_DEVICE_FAMILY = "1,2";
			};
			name = Release;
		};
/* End XCBuildConfiguration section */

/* Begin XCConfigurationList section */
		09DCAF87288DDC1500BE36EC /* Build configuration list for PBXProject "CatLand" */ = {
			isa = XCConfigurationList;
			buildConfigurations = (
				09DCAFA1288DDC1800BE36EC /* Debug */,
				09DCAFA2288DDC1800BE36EC /* Release */,
			);
			defaultConfigurationIsVisible = 0;
			defaultConfigurationName = Release;
		};
		09DCAFA3288DDC1800BE36EC /* Build configuration list for PBXNativeTarget "CatLand" */ = {
			isa = XCConfigurationList;
			buildConfigurations = (
				09DCAFA4288DDC1800BE36EC /* Debug */,
				09DCAFA5288DDC1800BE36EC /* Release */,
			);
			defaultConfigurationIsVisible = 0;
			defaultConfigurationName = Release;
		};
/* End XCConfigurationList section */

/* Begin XCRemoteSwiftPackageReference section */
		09DCAFB1288DF73900BE36EC /* XCRemoteSwiftPackageReference "SwiftSoup" */ = {
			isa = XCRemoteSwiftPackageReference;
			repositoryURL = "https://github.com/scinfu/SwiftSoup";
			requirement = {
				kind = exactVersion;
				version = 2.4.3;
			};
		};
/* End XCRemoteSwiftPackageReference section */

/* Begin XCSwiftPackageProductDependency section */
		09DCAFB2288DF73900BE36EC /* SwiftSoup */ = {
			isa = XCSwiftPackageProductDependency;
			package = 09DCAFB1288DF73900BE36EC /* XCRemoteSwiftPackageReference "SwiftSoup" */;
			productName = SwiftSoup;
		};
/* End XCSwiftPackageProductDependency section */

/* Begin XCVersionGroup section */
		09DCAF98288DDC1500BE36EC /* CatLand.xcdatamodeld */ = {
			isa = XCVersionGroup;
			children = (
				09DCAF99288DDC1500BE36EC /* CatLand.xcdatamodel */,
			);
			currentVersion = 09DCAF99288DDC1500BE36EC /* CatLand.xcdatamodel */;
			path = CatLand.xcdatamodeld;
			sourceTree = "<group>";
			versionGroupType = wrapper.xcdatamodel;
		};
/* End XCVersionGroup section */
	};
	rootObject = 09DCAF84288DDC1500BE36EC /* Project object */;
}
